
Microsoft Visual Studio Solution File, Format Version 12.00
# Visual Studio Version 17
VisualStudioVersion = 17.9.34728.123
MinimumVisualStudioVersion = 10.0.40219.1
Project("{9A19103F-16F7-4668-BE54-9A1E7A4F7556}") = "Banchi", "Banchi\Banchi.csproj", "{B1B07964-2451-4684-86D7-474D41D6F43C}"
EndProject
Project("{FAE04EC0-301F-11D3-BF4B-00C04F79EFBC}") = "ProgettoTestNUnit", "ProgettoTestNUnit\ProgettoTestNUnit.csproj", "{B0C418B7-494D-478E-885E-28EC1E2BFB8F}"
EndProject
Global
	GlobalSection(SolutionConfigurationPlatforms) = preSolution
		Debug|Any CPU = Debug|Any CPU
		Release|Any CPU = Release|Any CPU
	EndGlobalSection
	GlobalSection(ProjectConfigurationPlatforms) = postSolution
		{B1B07964-2451-4684-86D7-474D41D6F43C}.Debug|Any CPU.ActiveCfg = Debug|Any CPU
		{B1B07964-2451-4684-86D7-474D41D6F43C}.Debug|Any CPU.Build.0 = Debug|Any CPU
		{B1B07964-2451-4684-86D7-474D41D6F43C}.Release|Any CPU.ActiveCfg = Release|Any CPU
		{B1B07964-2451-4684-86D7-474D41D6F43C}.Release|Any CPU.Build.0 = Release|Any CPU
		{B0C418B7-494D-478E-885E-28EC1E2BFB8F}.Debug|Any CPU.ActiveCfg = Debug|Any CPU
		{B0C418B7-494D-478E-885E-28EC1E2BFB8F}.Debug|Any CPU.Build.0 = Debug|Any CPU
		{B0C418B7-494D-478E-885E-28EC1E2BFB8F}.Release|Any CPU.ActiveCfg = Release|Any CPU
		{B0C418B7-494D-478E-885E-28EC1E2BFB8F}.Release|Any CPU.Build.0 = Release|Any CPU
	EndGlobalSection
	GlobalSection(SolutionProperties) = preSolution
		HideSolutionNode = FALSE
	EndGlobalSection
	GlobalSection(ExtensibilityGlobals) = postSolution
		SolutionGuid = {3E40367F-19D7-4FDC-8FD0-C0D5F9D9BB44}
	EndGlobalSection
EndGlobal
